
Microsoft Visual Studio Solution File, Format Version 12.00
# Visual Studio 15
VisualStudioVersion = 15.0.28010.2046
MinimumVisualStudioVersion = 10.0.40219.1
Project("{FAE04EC0-301F-11D3-BF4B-00C04F79EFBC}") = "JwtAuthentication", "JwtAuthentication\JwtAuthentication.csproj", "{F3729669-92D0-4208-8EBA-8E6DEE12C44D}"
EndProject
Global
	GlobalSection(SolutionConfigurationPlatforms) = preSolution
		Debug|Any CPU = Debug|Any CPU
		Release|Any CPU = Release|Any CPU
	EndGlobalSection
	GlobalSection(ProjectConfigurationPlatforms) = postSolution
		{F3729669-92D0-4208-8EBA-8E6DEE12C44D}.Debug|Any CPU.ActiveCfg = Debug|Any CPU
		{F3729669-92D0-4208-8EBA-8E6DEE12C44D}.Debug|Any CPU.Build.0 = Debug|Any CPU
		{F3729669-92D0-4208-8EBA-8E6DEE12C44D}.Release|Any CPU.ActiveCfg = Release|Any CPU
		{F3729669-92D0-4208-8EBA-8E6DEE12C44D}.Release|Any CPU.Build.0 = Release|Any CPU
	EndGlobalSection
	GlobalSection(SolutionProperties) = preSolution
		HideSolutionNode = FALSE
	EndGlobalSection
	GlobalSection(ExtensibilityGlobals) = postSolution
		SolutionGuid = {F23A68BB-DB9D-4E0F-9EB3-2A3B65B6C2E9}
	EndGlobalSection
EndGlobal
